{
  "name": "@protagonists/emitter",
  "version": "1.1.0",
  "lockfileVersion": 2,
  "requires": true,
  "packages": {
    "": {
      "name": "@protagonists/emitter",
      "version": "1.1.0",
      "license": "ISC",
      "dependencies": {
        "@protagonists/coerce": "^1.0.6"
      }
    },
    "node_modules/@protagonists/coerce": {
      "version": "1.0.6",
      "resolved": "https://registry.npmjs.org/@protagonists/coerce/-/coerce-1.0.6.tgz",
      "integrity": "sha512-mtZfa9BfsS77iwDUYnXyux/xFvPyF+haHGJt5ryzD9Ce+Y1nBIPJsKB3PVD+TsQ0MfwPLhnXm1wXDKbZY7fHCA==",
      "dependencies": {
        "@protagonists/deep": "^1.0.2"
      }
    },
    "node_modules/@protagonists/deep": {
      "version": "1.0.2",
      "resolved": "https://registry.npmjs.org/@protagonists/deep/-/deep-1.0.2.tgz",
      "integrity": "sha512-l2+egWT/qe/zMW0qSf+Xsc+ehufa1rQlN3FAvSLTp8E7ouXPFeN+KHtURTeQuEFarCO+NoAevxLeS3HGkL0Rwg=="
    }
  },
  "dependencies": {
    "@protagonists/coerce": {
      "version": "1.0.6",
      "resolved": "https://registry.npmjs.org/@protagonists/coerce/-/coerce-1.0.6.tgz",
      "integrity": "sha512-mtZfa9BfsS77iwDUYnXyux/xFvPyF+haHGJt5ryzD9Ce+Y1nBIPJsKB3PVD+TsQ0MfwPLhnXm1wXDKbZY7fHCA==",
      "requires": {
        "@protagonists/deep": "^1.0.2"
      }
    },
    "@protagonists/deep": {
      "version": "1.0.2",
      "resolved": "https://registry.npmjs.org/@protagonists/deep/-/deep-1.0.2.tgz",
      "integrity": "sha512-l2+egWT/qe/zMW0qSf+Xsc+ehufa1rQlN3FAvSLTp8E7ouXPFeN+KHtURTeQuEFarCO+NoAevxLeS3HGkL0Rwg=="
    }
  }
}
