{
  "name": "@protagonists/emitter",
  "version": "1.0.6",
  "lockfileVersion": 1,
  "requires": true,
  "dependencies": {
    "@protagonists/locked-array": {
      "version": "1.0.0",
      "resolved": "https://registry.npmjs.org/@protagonists/locked-array/-/locked-array-1.0.0.tgz",
      "integrity": "sha512-YfXv4BBJ6+lkH8AGIqvbt26zTD4e5zqTe4CGw8OaDOsoLWM15pSONuNYH+zYfZ9p9JRAeOIJM1e8mRIVsY23cw=="
    }
  }
}
